# THIS IS AN AUTOGENERATED FILE. DO NOT EDIT THIS FILE DIRECTLY.
# yarn lockfile v1


"@huhuang03/chrome_plugin_common@^1.0.0":
  version "1.0.0"
  resolved "https://registry.npmjs.org/@huhuang03/chrome_plugin_common/-/chrome_plugin_common-1.0.0.tgz"
  integrity sha512-VbkvK2K4nkB3L3ki901d+nbpMLNz8ui+yU0JQLXBEj9hHkcXIb68nbnx/jBIgRZgXQ/965s1rIcV0wQrZqhqIw==

"@jridgewell/sourcemap-codec@^1.4.13":
  version "1.4.14"
  resolved "https://registry.npmmirror.com/@jridgewell/sourcemap-codec/-/sourcemap-codec-1.4.14.tgz"
  integrity sha512-XPSJHWmi394fuUuzDnGz1wiKqWfo1yXecHQMRf2l6hztTO+nPru658AyDngaBe7isIxEkRsPR3FZh+s7iVa4Uw==

"@mdn/browser-compat-data@^5.2.33":
  version "5.2.47"
  resolved "https://registry.npmmirror.com/@mdn/browser-compat-data/-/browser-compat-data-5.2.47.tgz"
  integrity sha512-6/QvoKeooo3J/WL7i9yjfDtUkqOZW8K6aqdzcw+bz4YdgMBzBQVZU7vZmEdCGOcV5AlsBHZT38mqx/sTrnZMDQ==

"@rollup/plugin-node-resolve@^15.0.1":
  version "15.0.1"
  resolved "https://registry.npmmirror.com/@rollup/plugin-node-resolve/-/plugin-node-resolve-15.0.1.tgz"
  integrity sha512-ReY88T7JhJjeRVbfCyNj+NXAG3IIsVMsX9b5/9jC98dRP8/yxlZdz7mHZbHk5zHr24wZZICS5AcXsFZAXYUQEg==
  dependencies:
    "@rollup/pluginutils" "^5.0.1"
    "@types/resolve" "1.20.2"
    deepmerge "^4.2.2"
    is-builtin-module "^3.2.0"
    is-module "^1.0.0"
    resolve "^1.22.1"

"@rollup/pluginutils@^5.0.1", "@rollup/pluginutils@^5.0.2":
  version "5.0.2"
  resolved "https://registry.npmmirror.com/@rollup/pluginutils/-/pluginutils-5.0.2.tgz"
  integrity sha512-pTd9rIsP92h+B6wWwFbW8RkZv4hiR/xKsqre4SIuAOaOEQRxi0lqLke9k2/7WegC85GgUs9pjmOjCUi3In4vwA==
  dependencies:
    "@types/estree" "^1.0.0"
    estree-walker "^2.0.2"
    picomatch "^2.3.1"

"@types/estree@^1.0.0":
  version "1.0.0"
  resolved "https://registry.npmmirror.com/@types/estree/-/estree-1.0.0.tgz"
  integrity sha512-WulqXMDUTYAXCjZnk6JtIHPigp55cVtDgDrO2gHRwhyJto21+1zbVCtOYB2L1F9w4qCQ0rOGWBnBe0FNTiEJIQ==

"@types/node@^17.0.36":
  version "17.0.45"
  resolved "https://registry.npmmirror.com/@types/node/-/node-17.0.45.tgz"
  integrity sha512-w+tIMs3rq2afQdsPJlODhoUEKzFP1ayaoyl1CcnwtIlsVe7K7bA1NGm4s3PraqTLlXnbIN84zuBlxBWo1u9BLw==

"@types/object-path@^0.11.1":
  version "0.11.1"
  resolved "https://registry.npmmirror.com/@types/object-path/-/object-path-0.11.1.tgz"
  integrity sha512-219LSCO9HPcoXcRTC6DbCs0FRhZgBnEMzf16RRqkT40WbkKx3mOeQuz3e2XqbfhOz/AHfbru0kzB1n1RCAsIIg==

"@types/resolve@1.20.2":
  version "1.20.2"
  resolved "https://registry.npmmirror.com/@types/resolve/-/resolve-1.20.2.tgz"
  integrity sha512-60BCwRFOZCQhDncwQdxxeOEEkbc5dIMccYLwbxsS4TUNeVECQ/pBJ0j09mrHOl/JJvpRPGwO9SvE4nR2Nb/a4Q==

"@types/semver@^7.3.13":
  version "7.3.13"
  resolved "https://registry.npmmirror.com/@types/semver/-/semver-7.3.13.tgz"
  integrity sha512-21cFJr9z3g5dW8B0CVI9g2O9beqaThGQ6ZFBqHfwhzLDKUxaqTIy3vnfah/UPkfOiF2pLq+tGz+W8RyCskuslw==

"@types/ua-parser-js@^0.7.36":
  version "0.7.36"
  resolved "https://registry.npmmirror.com/@types/ua-parser-js/-/ua-parser-js-0.7.36.tgz"
  integrity sha512-N1rW+njavs70y2cApeIw1vLMYXRwfBy+7trgavGuuTfOd7j1Yh7QTRc/yqsPl6ncokt72ZXuxEU0PiCp9bSwNQ==

"@web/rollup-plugin-copy@^0.3.0":
  version "0.3.0"
  resolved "https://registry.yarnpkg.com/@web/rollup-plugin-copy/-/rollup-plugin-copy-0.3.0.tgz#fe999b2ea3dd71c8e663e6947fc2eb92a221e8e8"
  integrity sha512-QNNtE7Svhk0/p21etaR0JQXYhlMgTAg/HmRXDMmQHMf3uOUWsWMGiJa96P49RRVJut1ECB5FDFeBUgFEmegysQ==
  dependencies:
    glob "^7.1.6"

"@wessberg/stringutil@^1.0.19":
  version "1.0.19"
  resolved "https://registry.npmmirror.com/@wessberg/stringutil/-/stringutil-1.0.19.tgz"
  integrity sha512-9AZHVXWlpN8Cn9k5BC/O0Dzb9E9xfEMXzYrNunwvkUTvuK7xgQPVRZpLo+jWCOZ5r8oBa8NIrHuPEu1hzbb6bg==

ansi-colors@^4.1.3:
  version "4.1.3"
  resolved "https://registry.npmmirror.com/ansi-colors/-/ansi-colors-4.1.3.tgz"
  integrity sha512-/6w/C21Pm1A7aZitlI5Ni/2J6FFQN8i1Cvz3kHABAAbw93v/NlvKdVOqz7CCWz/3iv/JplRSEEZ83XION15ovw==

balanced-match@^1.0.0:
  version "1.0.2"
  resolved "https://registry.npmmirror.com/balanced-match/-/balanced-match-1.0.2.tgz"
  integrity sha512-3oSeUO0TMV67hN1AmbXsK4yaqU7tjiHlbxRDZOpH0KW9+CeX4bRAaX0Anxt0tx2MrpRpWwQaPwIlISEJhYU5Pw==

brace-expansion@^1.1.7:
  version "1.1.11"
  resolved "https://registry.npmmirror.com/brace-expansion/-/brace-expansion-1.1.11.tgz"
  integrity sha512-iCuPHDFgrHX7H2vEI/5xpz07zSHB00TpugqhmYtVmMO6518mCuRMoOYFldEBl0g187ufozdaHgWKcYFb61qGiA==
  dependencies:
    balanced-match "^1.0.0"
    concat-map "0.0.1"

browserslist-generator@^2.0.1:
  version "2.0.3"
  resolved "https://registry.npmmirror.com/browserslist-generator/-/browserslist-generator-2.0.3.tgz"
  integrity sha512-3j8ogwvlBpOEDR3f5n1H2n5BWXqHPWi/Xm8EC1DPJy5BWl4WkSFisatBygH/L9AEmg0MtOfcR1QnMuM9XL28jA==
  dependencies:
    "@mdn/browser-compat-data" "^5.2.33"
    "@types/object-path" "^0.11.1"
    "@types/semver" "^7.3.13"
    "@types/ua-parser-js" "^0.7.36"
    browserslist "^4.21.5"
    caniuse-lite "^1.0.30001450"
    isbot "^3.6.5"
    object-path "^0.11.8"
    semver "^7.3.8"
    ua-parser-js "^1.0.33"

browserslist@^4.21.4, browserslist@^4.21.5:
  version "4.21.5"
  resolved "https://registry.npmmirror.com/browserslist/-/browserslist-4.21.5.tgz"
  integrity sha512-tUkiguQGW7S3IhB7N+c2MV/HZPSCPAAiYBZXLsBhFB/PCy6ZKKsZrmBayHV9fdGV/ARIfJ14NkxKzRDjvp7L6w==
  dependencies:
    caniuse-lite "^1.0.30001449"
    electron-to-chromium "^1.4.284"
    node-releases "^2.0.8"
    update-browserslist-db "^1.0.10"

builtin-modules@^3.3.0:
  version "3.3.0"
  resolved "https://registry.npmmirror.com/builtin-modules/-/builtin-modules-3.3.0.tgz"
  integrity sha512-zhaCDicdLuWN5UbN5IMnFqNMhNfo919sH85y2/ea+5Yg9TsTkeZxpL+JLbp6cgYFS4sRLp3YV4S6yDuqVWHYOw==

caniuse-lite@^1.0.30001449, caniuse-lite@^1.0.30001450:
  version "1.0.30001473"
  resolved "https://registry.npmmirror.com/caniuse-lite/-/caniuse-lite-1.0.30001473.tgz"
  integrity sha512-ewDad7+D2vlyy+E4UJuVfiBsU69IL+8oVmTuZnH5Q6CIUbxNfI50uVpRHbUPDD6SUaN2o0Lh4DhTrvLG/Tn1yg==

compatfactory@^2.0.9:
  version "2.0.9"
  resolved "https://registry.npmmirror.com/compatfactory/-/compatfactory-2.0.9.tgz"
  integrity sha512-fvO+AWcmbO7P1S+A3mwm3IGr74eHMeq5ZLhNhyNQc9mVDNHT4oe0Gg0ksdIFFNXLK7k7Z/TYcLAUSQdRgh1bsA==
  dependencies:
    helpertypes "^0.0.19"

concat-map@0.0.1:
  version "0.0.1"
  resolved "https://registry.npmmirror.com/concat-map/-/concat-map-0.0.1.tgz"
  integrity sha512-/Srv4dswyQNBfohGpz9o6Yb3Gz3SrUDqBH5rTuhGR7ahtlbYKnVxw2bCFMRljaA7EXHaXZ8wsHdodFvbkhKmqg==

crosspath@^2.0.0:
  version "2.0.0"
  resolved "https://registry.npmmirror.com/crosspath/-/crosspath-2.0.0.tgz"
  integrity sha512-ju88BYCQ2uvjO2bR+SsgLSTwTSctU+6Vp2ePbKPgSCZyy4MWZxYsT738DlKVRE5utUjobjPRm1MkTYKJxCmpTA==
  dependencies:
    "@types/node" "^17.0.36"

deepmerge@^4.2.2:
  version "4.3.1"
  resolved "https://registry.npmmirror.com/deepmerge/-/deepmerge-4.3.1.tgz"
  integrity sha512-3sUqbMEc77XqpdNO7FRyRog+eW3ph+GYCbj+rK+uYyRMuwsVy0rMiVtPn+QJlKFvWP/1PYpapqYn0Me2knFn+A==

electron-to-chromium@^1.4.284:
  version "1.4.348"
  resolved "https://registry.npmmirror.com/electron-to-chromium/-/electron-to-chromium-1.4.348.tgz"
  integrity sha512-gM7TdwuG3amns/1rlgxMbeeyNoBFPa+4Uu0c7FeROWh4qWmvSOnvcslKmWy51ggLKZ2n/F/4i2HJ+PVNxH9uCQ==

escalade@^3.1.1:
  version "3.1.1"
  resolved "https://registry.npmmirror.com/escalade/-/escalade-3.1.1.tgz"
  integrity sha512-k0er2gUkLf8O0zKJiAhmkTnJlTvINGv7ygDNPbeIsX/TJjGJZHuh9B2UxbsaEkmlEo9MfhrSzmhIlhRlI2GXnw==

estree-walker@^2.0.2:
  version "2.0.2"
  resolved "https://registry.npmmirror.com/estree-walker/-/estree-walker-2.0.2.tgz"
  integrity sha512-Rfkk/Mp/DL7JVje3u18FxFujQlTNR2q6QfMSMB7AvCBx91NGj/ba3kCfza0f6dVDbw7YlRf/nDrn7pQrCCyQ/w==

fs.realpath@^1.0.0:
  version "1.0.0"
  resolved "https://registry.npmmirror.com/fs.realpath/-/fs.realpath-1.0.0.tgz"
  integrity sha512-OO0pH2lK6a0hZnAdau5ItzHPI6pUlvI7jMVnxUQRtw4owF2wk8lOSabtGDCTP4Ggrg2MbGnWO9X8K1t4+fGMDw==

fsevents@~2.3.2:
  version "2.3.2"
  resolved "https://registry.yarnpkg.com/fsevents/-/fsevents-2.3.2.tgz#8a526f78b8fdf4623b709e0b975c52c24c02fd1a"
  integrity sha512-xiqMQR4xAeHTuB9uWm+fFRcIOgKBMiOBP+eXiyT7jsgVCq1bkVygt00oASowB7EdtpOHaaPgKt812P9ab+DDKA==

function-bind@^1.1.1:
  version "1.1.1"
  resolved "https://registry.npmmirror.com/function-bind/-/function-bind-1.1.1.tgz"
  integrity sha512-yIovAzMX49sF8Yl58fSCWJ5svSLuaibPxXQJFLmBObTuCr0Mf1KiPopGM9NiFjiYBCbfaa2Fh6breQ6ANVTI0A==

glob@^7.1.6:
  version "7.2.3"
  resolved "https://registry.npmmirror.com/glob/-/glob-7.2.3.tgz"
  integrity sha512-nFR0zLpU2YCaRxwoCJvL6UvCH2JFyFVIvwTLsIf21AuHlMskA1hhTdk+LlYJtOlYt9v6dvszD2BGRqBL+iQK9Q==
  dependencies:
    fs.realpath "^1.0.0"
    inflight "^1.0.4"
    inherits "2"
    minimatch "^3.1.1"
    once "^1.3.0"
    path-is-absolute "^1.0.0"

has@^1.0.3:
  version "1.0.3"
  resolved "https://registry.npmmirror.com/has/-/has-1.0.3.tgz"
  integrity sha512-f2dvO0VU6Oej7RkWJGrehjbzMAjFp5/VKPp5tTpWIV4JHHZK1/BxbFRtf/siA2SWTe09caDmVtYYzWEIbBS4zw==
  dependencies:
    function-bind "^1.1.1"

helpertypes@^0.0.19:
  version "0.0.19"
  resolved "https://registry.npmmirror.com/helpertypes/-/helpertypes-0.0.19.tgz"
  integrity sha512-J00e55zffgi3yVnUp0UdbMztNkr2PnizEkOe9URNohnrNhW5X0QpegkuLpOmFQInpi93Nb8MCjQRHAiCDF42NQ==

inflight@^1.0.4:
  version "1.0.6"
  resolved "https://registry.npmmirror.com/inflight/-/inflight-1.0.6.tgz"
  integrity sha512-k92I/b08q4wvFscXCLvqfsHCrjrF7yiXsQuIVvVE7N82W3+aqpzuUdBbfhWcy/FZR3/4IgflMgKLOsvPDrGCJA==
  dependencies:
    once "^1.3.0"
    wrappy "1"

inherits@2:
  version "2.0.4"
  resolved "https://registry.npmmirror.com/inherits/-/inherits-2.0.4.tgz"
  integrity sha512-k/vGaX4/Yla3WzyMCvTQOXYeIHvqOKtnqBduzTHpzpQZzAskKMhZ2K+EnBiSM9zGSoIFeMpXKxa4dYeZIQqewQ==

is-builtin-module@^3.2.0:
  version "3.2.1"
  resolved "https://registry.npmmirror.com/is-builtin-module/-/is-builtin-module-3.2.1.tgz"
  integrity sha512-BSLE3HnV2syZ0FK0iMA/yUGplUeMmNz4AW5fnTunbCIqZi4vG3WjJT9FHMy5D69xmAYBHXQhJdALdpwVxV501A==
  dependencies:
    builtin-modules "^3.3.0"

is-core-module@^2.9.0:
  version "2.11.0"
  resolved "https://registry.npmmirror.com/is-core-module/-/is-core-module-2.11.0.tgz"
  integrity sha512-RRjxlvLDkD1YJwDbroBHMb+cukurkDWNyHx7D3oNB5x9rb5ogcksMC5wHCadcXoo67gVr/+3GFySh3134zi6rw==
  dependencies:
    has "^1.0.3"

is-module@^1.0.0:
  version "1.0.0"
  resolved "https://registry.npmmirror.com/is-module/-/is-module-1.0.0.tgz"
  integrity sha512-51ypPSPCoTEIN9dy5Oy+h4pShgJmPCygKfyRCISBI+JoWT/2oJvK8QPxmwv7b/p239jXrm9M1mlQbyKJ5A152g==

isbot@^3.6.5:
  version "3.6.7"
  resolved "https://registry.npmmirror.com/isbot/-/isbot-3.6.7.tgz"
  integrity sha512-SXNUQaNZlj/+9jdrGnAp6WW0YoHe3MIwwc6oRIYuhhERBUt7/L6I7JkMiA2sX9fcvS7gZ2C7GWgmDZfOOU4I5g==

lru-cache@^6.0.0:
  version "6.0.0"
  resolved "https://registry.npmmirror.com/lru-cache/-/lru-cache-6.0.0.tgz"
  integrity sha512-Jo6dJ04CmSjuznwJSS3pUeWmd/H0ffTlkXXgwZi+eq1UCmqQwCh+eLsYOYCwY991i2Fah4h1BEMCx4qThGbsiA==
  dependencies:
    yallist "^4.0.0"

magic-string@^0.27.0:
  version "0.27.0"
  resolved "https://registry.npmmirror.com/magic-string/-/magic-string-0.27.0.tgz"
  integrity sha512-8UnnX2PeRAPZuN12svgR9j7M1uWMovg/CEnIwIG0LFkXSJJe4PdfUGiTGl8V9bsBHFUtfVINcSyYxd7q+kx9fA==
  dependencies:
    "@jridgewell/sourcemap-codec" "^1.4.13"

minimatch@^3.1.1:
  version "3.1.2"
  resolved "https://registry.npmmirror.com/minimatch/-/minimatch-3.1.2.tgz"
  integrity sha512-J7p63hRiAjw1NDEww1W7i37+ByIrOWO5XQQAzZ3VOcL0PNybwpfmV/N05zFAzwQ9USyEcX6t3UO+K5aqBQOIHw==
  dependencies:
    brace-expansion "^1.1.7"

node-releases@^2.0.8:
  version "2.0.10"
  resolved "https://registry.npmmirror.com/node-releases/-/node-releases-2.0.10.tgz"
  integrity sha512-5GFldHPXVG/YZmFzJvKK2zDSzPKhEp0+ZR5SVaoSag9fsL5YgHbUHDfnG5494ISANDcK4KwPXAx2xqVEydmd7w==

object-path@^0.11.8:
  version "0.11.8"
  resolved "https://registry.npmmirror.com/object-path/-/object-path-0.11.8.tgz"
  integrity sha512-YJjNZrlXJFM42wTBn6zgOJVar9KFJvzx6sTWDte8sWZF//cnjl0BxHNpfZx+ZffXX63A9q0b1zsFiBX4g4X5KA==

once@^1.3.0:
  version "1.4.0"
  resolved "https://registry.npmmirror.com/once/-/once-1.4.0.tgz"
  integrity sha512-lNaJgI+2Q5URQBkccEKHTQOPaXdUxnZZElQTZY0MFUAuaEqe1E+Nyvgdz/aIyNi6Z9MzO5dv1H8n58/GELp3+w==
  dependencies:
    wrappy "1"

path-is-absolute@^1.0.0:
  version "1.0.1"
  resolved "https://registry.npmmirror.com/path-is-absolute/-/path-is-absolute-1.0.1.tgz"
  integrity sha512-AVbw3UJ2e9bq64vSaS9Am0fje1Pa8pbGqTTsmXfaIiMpnr5DlDhfJOuLj9Sf95ZPVDAUerDfEk88MPmPe7UCQg==

path-parse@^1.0.7:
  version "1.0.7"
  resolved "https://registry.npmmirror.com/path-parse/-/path-parse-1.0.7.tgz"
  integrity sha512-LDJzPVEEEPR+y48z93A0Ed0yXb8pAByGWo/k5YYdYgpY2/2EsOsksJrq7lOHxryrVOn1ejG6oAp8ahvOIQD8sw==

picocolors@^1.0.0:
  version "1.0.0"
  resolved "https://registry.npmmirror.com/picocolors/-/picocolors-1.0.0.tgz"
  integrity sha512-1fygroTLlHu66zi26VoTDv8yRgm0Fccecssto+MhsZ0D/DGW2sm8E8AjW7NU5VVTRt5GxbeZ5qBuJr+HyLYkjQ==

picomatch@^2.3.1:
  version "2.3.1"
  resolved "https://registry.npmmirror.com/picomatch/-/picomatch-2.3.1.tgz"
  integrity sha512-JU3teHTNjmE2VCGFzuY8EXzCDVwEqB2a8fsIvwaStHhAWJEeVd1o1QD80CU6+ZdEXXSLbSsuLwJjkCBWqRQUVA==

resolve@^1.22.1:
  version "1.22.1"
  resolved "https://registry.npmmirror.com/resolve/-/resolve-1.22.1.tgz"
  integrity sha512-nBpuuYuY5jFsli/JIs1oldw6fOQCBioohqWZg/2hiaOybXOft4lonv85uDOKXdf8rhyK159cxU5cDcK/NKk8zw==
  dependencies:
    is-core-module "^2.9.0"
    path-parse "^1.0.7"
    supports-preserve-symlinks-flag "^1.0.0"

rollup-plugin-ts@^3.2.0:
  version "3.2.0"
  resolved "https://registry.yarnpkg.com/rollup-plugin-ts/-/rollup-plugin-ts-3.2.0.tgz#d15c985d153e7b18adeb37c8bb6b39bc93655c8a"
  integrity sha512-KkTLVifkUexEiAXS9VtSjDrjKr0TyusmNJpb2ZTAzI9VuPumSu4AktIaVNnwv70iUEitHwZtET7OAM+5n1u1tg==
  dependencies:
    "@rollup/pluginutils" "^5.0.2"
    "@wessberg/stringutil" "^1.0.19"
    ansi-colors "^4.1.3"
    browserslist "^4.21.4"
    browserslist-generator "^2.0.1"
    compatfactory "^2.0.9"
    crosspath "^2.0.0"
    magic-string "^0.27.0"
    ts-clone-node "^2.0.4"
    tslib "^2.4.1"

rollup@^3.20.2:
  version "3.20.2"
  resolved "https://registry.npmmirror.com/rollup/-/rollup-3.20.2.tgz"
  integrity sha512-3zwkBQl7Ai7MFYQE0y1MeQ15+9jsi7XxfrqwTb/9EK8D9C9+//EBR4M+CuA1KODRaNbFez/lWxA5vhEGZp4MUg==
  optionalDependencies:
    fsevents "~2.3.2"

semver@^7.3.8:
  version "7.3.8"
  resolved "https://registry.npmmirror.com/semver/-/semver-7.3.8.tgz"
  integrity sha512-NB1ctGL5rlHrPJtFDVIVzTyQylMLu9N9VICA6HSFJo8MCGVTMW6gfpicwKmmK/dAjTOrqu5l63JJOpDSrAis3A==
  dependencies:
    lru-cache "^6.0.0"

supports-preserve-symlinks-flag@^1.0.0:
  version "1.0.0"
  resolved "https://registry.npmmirror.com/supports-preserve-symlinks-flag/-/supports-preserve-symlinks-flag-1.0.0.tgz"
  integrity sha512-ot0WnXS9fgdkgIcePe6RHNk1WA8+muPa6cSjeR3V8K27q9BB1rTE3R1p7Hv0z1ZyAc8s6Vvv8DIyWf681MAt0w==

ts-clone-node@^2.0.4:
  version "2.0.4"
  resolved "https://registry.npmmirror.com/ts-clone-node/-/ts-clone-node-2.0.4.tgz"
  integrity sha512-eG6FAgmQsenhIJOIFhUcO6yyYejBKZIKcI3y21jiQmIOrth5pD6GElyPAyeihbPSyBs3u/9PVNXy+5I7jGy8jA==
  dependencies:
    compatfactory "^2.0.9"

tslib@^2.4.1:
  version "2.5.0"
  resolved "https://registry.npmmirror.com/tslib/-/tslib-2.5.0.tgz"
  integrity sha512-336iVw3rtn2BUK7ORdIAHTyxHGRIHVReokCR3XjbckJMK7ms8FysBfhLR8IXnAgy7T0PTPNBWKiH514FOW/WSg==

typescript@^5.0.3:
  version "5.0.3"
  resolved "https://registry.npmmirror.com/typescript/-/typescript-5.0.3.tgz"
  integrity sha512-xv8mOEDnigb/tN9PSMTwSEqAnUvkoXMQlicOb0IUVDBSQCgBSaAAROUZYy2IcUy5qU6XajK5jjjO7TMWqBTKZA==

ua-parser-js@^1.0.33:
  version "1.0.34"
  resolved "https://registry.npmmirror.com/ua-parser-js/-/ua-parser-js-1.0.34.tgz"
  integrity sha512-K9mwJm/DaB6mRLZfw6q8IMXipcrmuT6yfhYmwhAkuh+81sChuYstYA+znlgaflUPaYUa3odxKPKGw6Vw/lANew==

update-browserslist-db@^1.0.10:
  version "1.0.10"
  resolved "https://registry.npmmirror.com/update-browserslist-db/-/update-browserslist-db-1.0.10.tgz"
  integrity sha512-OztqDenkfFkbSG+tRxBeAnCVPckDBcvibKd35yDONx6OU8N7sqgwc7rCbkJ/WcYtVRZ4ba68d6byhC21GFh7sQ==
  dependencies:
    escalade "^3.1.1"
    picocolors "^1.0.0"

wrappy@1:
  version "1.0.2"
  resolved "https://registry.npmmirror.com/wrappy/-/wrappy-1.0.2.tgz"
  integrity sha512-l4Sp/DRseor9wL6EvV2+TuQn63dMkPjZ/sp9XkghTEbV9KlPS1xUsZ3u7/IQO4wxtcFB4bgpQPRcR3QCvezPcQ==

yallist@^4.0.0:
  version "4.0.0"
  resolved "https://registry.npmmirror.com/yallist/-/yallist-4.0.0.tgz"
  integrity sha512-3wdGidZyq5PB084XLES5TpOSRA3wjXAlIWMhum2kRcv/41Sn2emQ0dycQW4uZXLejwKvg6EsvbdlVL+FYEct7A==
